<?xml version="1.0" encoding="utf-8"?>
<Project ToolsVersion="4.0" xmlns="http://schemas.microsoft.com/developer/msbuild/2003">
  <ItemGroup>
    <ClInclude Include="Common\CommonHeaders.h" />
    <ClInclude Include="Common\PrimitiveTypes.h" />
    <ClInclude Include="Components\ComponentsCommon.h" />
    <ClInclude Include="Components\Transform.h" />
    <ClInclude Include="Utilities\Utilities.h" />
    <ClInclude Include="VortexAPI\GameEntity.h" />
    <ClInclude Include="VortexAPI\TransformComponent.h" />
    <ClInclude Include="Utilities\MathTypes.h" />
    <ClInclude Include="Runtime\SceneManager.h" />
    <ClInclude Include="Runtime\ResourceManager.h" />
    <ClInclude Include="Runtime\PrefabService.h" />
    <ClInclude Include="Runtime\Systems\RenderSystem.h" />
    <ClInclude Include="Runtime\Systems\PhysicsSystem.h" />
    <ClInclude Include="Runtime\Systems\AudioSystem.h" />
    <ClInclude Include="Runtime\Systems\RenderSystemDX12.h" />
    <ClInclude Include="Graphics\DX12\DX12Core.h" />
    <ClInclude Include="Graphics\DX12\DX12CommandQueue.h" />
    <ClInclude Include="Graphics\DX12\DX12Swapchain.h" />
    <ClInclude Include="Graphics\DX12\DX12Pipeline.h" />
    <ClInclude Include="Graphics\DX12\DX12Geometry.h" />
    <ClInclude Include="Graphics\DX12\DX12Renderer.h" />
    <ClInclude Include="Graphics\Resources\Mesh.h" />
    <ClInclude Include="Graphics\Resources\Texture.h" />
    <ClInclude Include="Graphics\Resources\Material.h" />
    <ClInclude Include="Components\MeshRenderer.h" />
    <ClInclude Include="Graphics\Resources\ResourceRegistry.h" />
    <ClInclude Include="Graphics\Geometry\IMeshGenerator.h" />
    <ClInclude Include="Graphics\Geometry\CubeGenerator.h" />
    <ClInclude Include="Graphics\Geometry\SphereGenerator.h" />
    <ClInclude Include="Graphics\Geometry\PlaneGenerator.h" />
    <ClInclude Include="Graphics\Geometry\CylinderGenerator.h" />
    <ClInclude Include="Graphics\Geometry\ConeGenerator.h" />
    <ClInclude Include="Graphics\Geometry\MeshGeneratorFactory.h" />
    <ClInclude Include="Graphics\DX12\DX12Pipeline3D.h" />
    <ClInclude Include="Graphics\DX12\DX12DepthBuffer.h" />
    <ClInclude Include="Graphics\DX12\DX12GridPipeline.h" />
    <ClInclude Include="Runtime\RenderLoop.h" />
    <ClInclude Include="Input\InputTypes.h" />
    <ClInclude Include="Input\InputSystem.h" />
    <ClInclude Include="Components\Camera.h" />
    <ClInclude Include="VortexAPI\CameraComponent.h" />
    <ClInclude Include="Graphics\DX12\DX12RenderTarget.h" />
    <ClInclude Include="Graphics\DX12\DX12MultiViewportRenderer.h" />
    <ClInclude Include="Graphics\Importers\ImporterCapabilities.h" />
    <ClInclude Include="Graphics\Importers\ModelImporter.h" />
    <ClInclude Include="Graphics\Importers\TextureImporter.h" />
    <ClInclude Include="Graphics\Importers\MeshSerializer.h" />
    <ClInclude Include="Graphics\Importers\MaterialSerializer.h" />
  </ItemGroup>
  <ItemGroup>
    <ClCompile Include="Common\Id.h" />
    <ClCompile Include="Components\Entity.h" />
    <ClCompile Include="Components\Entity.cpp" />
    <ClCompile Include="Components\Transform.cpp" />
    <ClCompile Include="Runtime\SceneManager.cpp" />
    <ClCompile Include="Runtime\ResourceManager.cpp" />
    <ClCompile Include="Runtime\PrefabService.cpp" />
    <ClCompile Include="Runtime\Systems\RenderSystem.cpp" />
    <ClCompile Include="Runtime\Systems\PhysicsSystem.cpp" />
    <ClCompile Include="Runtime\Systems\AudioSystem.cpp" />
    <ClCompile Include="Runtime\Systems\RenderSystemDX12.cpp" />
    <ClCompile Include="Graphics\DX12\DX12Core.cpp" />
    <ClCompile Include="Graphics\DX12\DX12CommandQueue.cpp" />
    <ClCompile Include="Graphics\DX12\DX12Swapchain.cpp" />
    <ClCompile Include="Graphics\DX12\DX12Pipeline.cpp" />
    <ClCompile Include="Graphics\DX12\DX12Geometry.cpp" />
    <ClCompile Include="Graphics\Resources\Mesh.cpp" />
    <ClCompile Include="Graphics\Resources\Texture.cpp" />
    <ClCompile Include="Graphics\Resources\Material.cpp" />
    <ClCompile Include="Components\MeshRenderer.cpp" />
    <ClCompile Include="Graphics\Resources\ResourceRegistry.cpp" />
    <ClCompile Include="Graphics\Geometry\CubeGenerator.cpp" />
    <ClCompile Include="Graphics\Geometry\SphereGenerator.cpp" />
    <ClCompile Include="Graphics\Geometry\PlaneGenerator.cpp" />
    <ClCompile Include="Graphics\Geometry\CylinderGenerator.cpp" />
    <ClCompile Include="Graphics\Geometry\ConeGenerator.cpp" />
    <ClCompile Include="Graphics\Geometry\MeshGeneratorFactory.cpp" />
    <ClCompile Include="Graphics\DX12\DX12DepthBuffer.cpp" />
    <ClCompile Include="Graphics\DX12\DX12Pipeline3D.cpp" />
    <ClCompile Include="Graphics\DX12\DX12GridPipeline.cpp" />
    <ClCompile Include="Graphics\DX12\DX12Renderer.cpp" />
    <ClCompile Include="Runtime\RenderLoop.cpp" />
    <ClCompile Include="Input\InputSystem.cpp" />
    <ClCompile Include="Components\Camera.cpp" />
    <ClCompile Include="Graphics\DX12\DX12RenderTarget.cpp" />
    <ClCompile Include="Graphics\DX12\DX12MultiViewportRenderer.cpp" />
    <ClCompile Include="Graphics\Importers\ModelImporter.cpp" />
    <ClCompile Include="Graphics\Importers\TextureImporter.cpp" />
    <ClCompile Include="Graphics\Importers\MeshSerializer.cpp" />
    <ClCompile Include="Graphics\Importers\MaterialSerializer.cpp" />
  </ItemGroup>
</Project>